
Microsoft Visual Studio Solution File, Format Version 12.00
# Visual Studio Version 17
VisualStudioVersion = 17.1.32210.238
MinimumVisualStudioVersion = 10.0.40219.1
Project("{9A19103F-16F7-4668-BE54-9A1E7A4F7556}") = "Application", "ProjectStructure\Application.csproj", "{99147144-3DC0-4BD8-BB0B-795AAFF5401C}"
EndProject
Project("{9A19103F-16F7-4668-BE54-9A1E7A4F7556}") = "Domain", "Core\Domain.csproj", "{4ABE2F2A-5021-472B-9E55-B38CF84D001F}"
EndProject
Project("{9A19103F-16F7-4668-BE54-9A1E7A4F7556}") = "Presentation", "Presentation\Presentation.csproj", "{29F784A4-B806-417F-9C63-773B9DC366BA}"
EndProject
Project("{9A19103F-16F7-4668-BE54-9A1E7A4F7556}") = "Infrastructure", "Infrastructure\Infrastructure.csproj", "{44E4E071-0348-42E6-9F15-02629D13589B}"
EndProject
Project("{FAE04EC0-301F-11D3-BF4B-00C04F79EFBC}") = "Testing", "Testing\Testing.csproj", "{953EA952-B6F7-44D6-A273-E18F34DD1293}"
EndProject
Global
	GlobalSection(SolutionConfigurationPlatforms) = preSolution
		Debug|Any CPU = Debug|Any CPU
		Release|Any CPU = Release|Any CPU
	EndGlobalSection
	GlobalSection(ProjectConfigurationPlatforms) = postSolution
		{99147144-3DC0-4BD8-BB0B-795AAFF5401C}.Debug|Any CPU.ActiveCfg = Debug|Any CPU
		{99147144-3DC0-4BD8-BB0B-795AAFF5401C}.Debug|Any CPU.Build.0 = Debug|Any CPU
		{99147144-3DC0-4BD8-BB0B-795AAFF5401C}.Release|Any CPU.ActiveCfg = Release|Any CPU
		{99147144-3DC0-4BD8-BB0B-795AAFF5401C}.Release|Any CPU.Build.0 = Release|Any CPU
		{4ABE2F2A-5021-472B-9E55-B38CF84D001F}.Debug|Any CPU.ActiveCfg = Debug|Any CPU
		{4ABE2F2A-5021-472B-9E55-B38CF84D001F}.Debug|Any CPU.Build.0 = Debug|Any CPU
		{4ABE2F2A-5021-472B-9E55-B38CF84D001F}.Release|Any CPU.ActiveCfg = Release|Any CPU
		{4ABE2F2A-5021-472B-9E55-B38CF84D001F}.Release|Any CPU.Build.0 = Release|Any CPU
		{29F784A4-B806-417F-9C63-773B9DC366BA}.Debug|Any CPU.ActiveCfg = Debug|Any CPU
		{29F784A4-B806-417F-9C63-773B9DC366BA}.Debug|Any CPU.Build.0 = Debug|Any CPU
		{29F784A4-B806-417F-9C63-773B9DC366BA}.Release|Any CPU.ActiveCfg = Release|Any CPU
		{29F784A4-B806-417F-9C63-773B9DC366BA}.Release|Any CPU.Build.0 = Release|Any CPU
		{44E4E071-0348-42E6-9F15-02629D13589B}.Debug|Any CPU.ActiveCfg = Debug|Any CPU
		{44E4E071-0348-42E6-9F15-02629D13589B}.Debug|Any CPU.Build.0 = Debug|Any CPU
		{44E4E071-0348-42E6-9F15-02629D13589B}.Release|Any CPU.ActiveCfg = Release|Any CPU
		{44E4E071-0348-42E6-9F15-02629D13589B}.Release|Any CPU.Build.0 = Release|Any CPU
		{953EA952-B6F7-44D6-A273-E18F34DD1293}.Debug|Any CPU.ActiveCfg = Debug|Any CPU
		{953EA952-B6F7-44D6-A273-E18F34DD1293}.Debug|Any CPU.Build.0 = Debug|Any CPU
		{953EA952-B6F7-44D6-A273-E18F34DD1293}.Release|Any CPU.ActiveCfg = Release|Any CPU
		{953EA952-B6F7-44D6-A273-E18F34DD1293}.Release|Any CPU.Build.0 = Release|Any CPU
	EndGlobalSection
	GlobalSection(SolutionProperties) = preSolution
		HideSolutionNode = FALSE
	EndGlobalSection
	GlobalSection(ExtensibilityGlobals) = postSolution
		SolutionGuid = {CA6E4399-6217-43B9-BBBE-939D90B43C8F}
	EndGlobalSection
EndGlobal
