
Microsoft Visual Studio Solution File, Format Version 12.00
# Visual Studio Version 17
VisualStudioVersion = 17.1.32210.238
MinimumVisualStudioVersion = 10.0.40219.1
Project("{FAE04EC0-301F-11D3-BF4B-00C04F79EFBC}") = "Application", "ProjectStructure\Application.csproj", "{99147144-3DC0-4BD8-BB0B-795AAFF5401C}"
EndProject
Project("{FAE04EC0-301F-11D3-BF4B-00C04F79EFBC}") = "Core", "Core\Core.csproj", "{4ABE2F2A-5021-472B-9E55-B38CF84D001F}"
EndProject
Project("{FAE04EC0-301F-11D3-BF4B-00C04F79EFBC}") = "Infrastructure", "Infrastructure\Infrastructure.csproj", "{D57595BE-4B6D-4994-B17D-605C196C270F}"
EndProject
Global
	GlobalSection(SolutionConfigurationPlatforms) = preSolution
		Debug|Any CPU = Debug|Any CPU
		Release|Any CPU = Release|Any CPU
	EndGlobalSection
	GlobalSection(ProjectConfigurationPlatforms) = postSolution
		{99147144-3DC0-4BD8-BB0B-795AAFF5401C}.Debug|Any CPU.ActiveCfg = Debug|Any CPU
		{99147144-3DC0-4BD8-BB0B-795AAFF5401C}.Debug|Any CPU.Build.0 = Debug|Any CPU
		{99147144-3DC0-4BD8-BB0B-795AAFF5401C}.Release|Any CPU.ActiveCfg = Release|Any CPU
		{99147144-3DC0-4BD8-BB0B-795AAFF5401C}.Release|Any CPU.Build.0 = Release|Any CPU
		{4ABE2F2A-5021-472B-9E55-B38CF84D001F}.Debug|Any CPU.ActiveCfg = Debug|Any CPU
		{4ABE2F2A-5021-472B-9E55-B38CF84D001F}.Debug|Any CPU.Build.0 = Debug|Any CPU
		{4ABE2F2A-5021-472B-9E55-B38CF84D001F}.Release|Any CPU.ActiveCfg = Release|Any CPU
		{4ABE2F2A-5021-472B-9E55-B38CF84D001F}.Release|Any CPU.Build.0 = Release|Any CPU
		{D57595BE-4B6D-4994-B17D-605C196C270F}.Debug|Any CPU.ActiveCfg = Debug|Any CPU
		{D57595BE-4B6D-4994-B17D-605C196C270F}.Debug|Any CPU.Build.0 = Debug|Any CPU
		{D57595BE-4B6D-4994-B17D-605C196C270F}.Release|Any CPU.ActiveCfg = Release|Any CPU
		{D57595BE-4B6D-4994-B17D-605C196C270F}.Release|Any CPU.Build.0 = Release|Any CPU
	EndGlobalSection
	GlobalSection(SolutionProperties) = preSolution
		HideSolutionNode = FALSE
	EndGlobalSection
	GlobalSection(ExtensibilityGlobals) = postSolution
		SolutionGuid = {CA6E4399-6217-43B9-BBBE-939D90B43C8F}
	EndGlobalSection
EndGlobal
