
Microsoft Visual Studio Solution File, Format Version 12.00
# Visual Studio Version 17
VisualStudioVersion = 17.1.32210.238
MinimumVisualStudioVersion = 10.0.40219.1
Project("{9A19103F-16F7-4668-BE54-9A1E7A4F7556}") = "Linq", "LinqApps\Linq.csproj", "{59F0EA93-70B6-4A73-A3CA-BB79F4348D43}"
EndProject
Project("{9A19103F-16F7-4668-BE54-9A1E7A4F7556}") = "ExtensionMethods", "ExtensionMethods\ExtensionMethods.csproj", "{9956C3C5-9668-4183-BB0E-5A9CF209952A}"
EndProject
Project("{9A19103F-16F7-4668-BE54-9A1E7A4F7556}") = "YieldReturn", "YieldReturn\YieldReturn.csproj", "{7035DAEE-766C-4182-A329-D18F181289C6}"
EndProject
Project("{FAE04EC0-301F-11D3-BF4B-00C04F79EFBC}") = "ActionAndFunc", "ActionAndFunc\ActionAndFunc.csproj", "{27F53D0D-6F1B-4331-97C1-5B01C1B1275F}"
EndProject
Global
	GlobalSection(SolutionConfigurationPlatforms) = preSolution
		Debug|Any CPU = Debug|Any CPU
		Release|Any CPU = Release|Any CPU
	EndGlobalSection
	GlobalSection(ProjectConfigurationPlatforms) = postSolution
		{59F0EA93-70B6-4A73-A3CA-BB79F4348D43}.Debug|Any CPU.ActiveCfg = Debug|Any CPU
		{59F0EA93-70B6-4A73-A3CA-BB79F4348D43}.Debug|Any CPU.Build.0 = Debug|Any CPU
		{59F0EA93-70B6-4A73-A3CA-BB79F4348D43}.Release|Any CPU.ActiveCfg = Release|Any CPU
		{59F0EA93-70B6-4A73-A3CA-BB79F4348D43}.Release|Any CPU.Build.0 = Release|Any CPU
		{9956C3C5-9668-4183-BB0E-5A9CF209952A}.Debug|Any CPU.ActiveCfg = Debug|Any CPU
		{9956C3C5-9668-4183-BB0E-5A9CF209952A}.Debug|Any CPU.Build.0 = Debug|Any CPU
		{9956C3C5-9668-4183-BB0E-5A9CF209952A}.Release|Any CPU.ActiveCfg = Release|Any CPU
		{9956C3C5-9668-4183-BB0E-5A9CF209952A}.Release|Any CPU.Build.0 = Release|Any CPU
		{7035DAEE-766C-4182-A329-D18F181289C6}.Debug|Any CPU.ActiveCfg = Debug|Any CPU
		{7035DAEE-766C-4182-A329-D18F181289C6}.Debug|Any CPU.Build.0 = Debug|Any CPU
		{7035DAEE-766C-4182-A329-D18F181289C6}.Release|Any CPU.ActiveCfg = Release|Any CPU
		{7035DAEE-766C-4182-A329-D18F181289C6}.Release|Any CPU.Build.0 = Release|Any CPU
		{27F53D0D-6F1B-4331-97C1-5B01C1B1275F}.Debug|Any CPU.ActiveCfg = Debug|Any CPU
		{27F53D0D-6F1B-4331-97C1-5B01C1B1275F}.Debug|Any CPU.Build.0 = Debug|Any CPU
		{27F53D0D-6F1B-4331-97C1-5B01C1B1275F}.Release|Any CPU.ActiveCfg = Release|Any CPU
		{27F53D0D-6F1B-4331-97C1-5B01C1B1275F}.Release|Any CPU.Build.0 = Release|Any CPU
	EndGlobalSection
	GlobalSection(SolutionProperties) = preSolution
		HideSolutionNode = FALSE
	EndGlobalSection
	GlobalSection(ExtensibilityGlobals) = postSolution
		SolutionGuid = {1C5C92BB-F690-4B98-BA9A-476069E1AC07}
	EndGlobalSection
EndGlobal
